
Microsoft Visual Studio Solution File, Format Version 12.00
# Visual Studio 15
VisualStudioVersion = 15.0.28307.757
MinimumVisualStudioVersion = 10.0.40219.1
Project("{888888A0-9F3D-457C-B088-3A5042F75D52}") = "HelloWorld5", "HelloWorld5\HelloWorld5.pyproj", "{49B67BE5-8860-4A74-8CA7-EB99AB1D5859}"
EndProject
Global
	GlobalSection(SolutionConfigurationPlatforms) = preSolution
		Debug|Any CPU = Debug|Any CPU
		Release|Any CPU = Release|Any CPU
	EndGlobalSection
	GlobalSection(ProjectConfigurationPlatforms) = postSolution
		{49B67BE5-8860-4A74-8CA7-EB99AB1D5859}.Debug|Any CPU.ActiveCfg = Debug|Any CPU
		{49B67BE5-8860-4A74-8CA7-EB99AB1D5859}.Release|Any CPU.ActiveCfg = Release|Any CPU
	EndGlobalSection
	GlobalSection(SolutionProperties) = preSolution
		HideSolutionNode = FALSE
	EndGlobalSection
	GlobalSection(ExtensibilityGlobals) = postSolution
		SolutionGuid = {D03662E4-6121-4D8D-9F99-2C788FC999BC}
	EndGlobalSection
EndGlobal
